
Microsoft Visual Studio Solution File, Format Version 12.00
# Visual Studio 15
VisualStudioVersion = 15.0.28307.421
MinimumVisualStudioVersion = 10.0.40219.1
Project("{FAE04EC0-301F-11D3-BF4B-00C04F79EFBC}") = "Core", "Core\Core.csproj", "{103A11A1-ED08-402D-94CC-D7431B94F4DF}"
EndProject
Project("{F184B08F-C81C-45F6-A57F-5ABD9991F28F}") = "Disaggregators", "Disaggregators\Disaggregators.vbproj", "{3A8E147D-63D4-40B3-B454-8E6C767FC36D}"
EndProject
Project("{FAE04EC0-301F-11D3-BF4B-00C04F79EFBC}") = "TraceWizard", "TraceWizard\TraceWizard.csproj", "{F1AFD2CB-5EDD-443B-8038-12F12312BA86}"
EndProject
Project("{FAE04EC0-301F-11D3-BF4B-00C04F79EFBC}") = "Environment", "Environment\Environment.csproj", "{839A6015-E564-42BA-B897-4FBC6A9F5B50}"
EndProject
Project("{2150E333-8FDC-42A3-9474-1A3956D46DE8}") = "Solution Items", "Solution Items", "{BB36E5E0-7F8D-4FDB-9688-E588310194F2}"
EndProject
Global
	GlobalSection(SolutionConfigurationPlatforms) = preSolution
		All|Any CPU = All|Any CPU
		All|Default = All|Default
		All|Mixed Platforms = All|Mixed Platforms
		All|x86 = All|x86
		Debug|Any CPU = Debug|Any CPU
		Debug|Default = Debug|Default
		Debug|Mixed Platforms = Debug|Mixed Platforms
		Debug|x86 = Debug|x86
		DefaultBuild|Any CPU = DefaultBuild|Any CPU
		DefaultBuild|Default = DefaultBuild|Default
		DefaultBuild|Mixed Platforms = DefaultBuild|Mixed Platforms
		DefaultBuild|x86 = DefaultBuild|x86
		Release|Any CPU = Release|Any CPU
		Release|Default = Release|Default
		Release|Mixed Platforms = Release|Mixed Platforms
		Release|x86 = Release|x86
	EndGlobalSection
	GlobalSection(ProjectConfigurationPlatforms) = postSolution
		{103A11A1-ED08-402D-94CC-D7431B94F4DF}.All|Any CPU.ActiveCfg = Release|x86
		{103A11A1-ED08-402D-94CC-D7431B94F4DF}.All|Any CPU.Build.0 = Release|x86
		{103A11A1-ED08-402D-94CC-D7431B94F4DF}.All|Default.ActiveCfg = Debug|x86
		{103A11A1-ED08-402D-94CC-D7431B94F4DF}.All|Default.Build.0 = Debug|x86
		{103A11A1-ED08-402D-94CC-D7431B94F4DF}.All|Mixed Platforms.ActiveCfg = Debug|x86
		{103A11A1-ED08-402D-94CC-D7431B94F4DF}.All|Mixed Platforms.Build.0 = Debug|x86
		{103A11A1-ED08-402D-94CC-D7431B94F4DF}.All|x86.ActiveCfg = Debug|x86
		{103A11A1-ED08-402D-94CC-D7431B94F4DF}.All|x86.Build.0 = Debug|x86
		{103A11A1-ED08-402D-94CC-D7431B94F4DF}.Debug|Any CPU.ActiveCfg = Debug|x86
		{103A11A1-ED08-402D-94CC-D7431B94F4DF}.Debug|Default.ActiveCfg = Debug|x86
		{103A11A1-ED08-402D-94CC-D7431B94F4DF}.Debug|Mixed Platforms.ActiveCfg = Debug|x86
		{103A11A1-ED08-402D-94CC-D7431B94F4DF}.Debug|Mixed Platforms.Build.0 = Debug|x86
		{103A11A1-ED08-402D-94CC-D7431B94F4DF}.Debug|x86.ActiveCfg = Debug|x86
		{103A11A1-ED08-402D-94CC-D7431B94F4DF}.Debug|x86.Build.0 = Debug|x86
		{103A11A1-ED08-402D-94CC-D7431B94F4DF}.DefaultBuild|Any CPU.ActiveCfg = Debug|x86
		{103A11A1-ED08-402D-94CC-D7431B94F4DF}.DefaultBuild|Any CPU.Build.0 = Debug|x86
		{103A11A1-ED08-402D-94CC-D7431B94F4DF}.DefaultBuild|Default.ActiveCfg = Debug|x86
		{103A11A1-ED08-402D-94CC-D7431B94F4DF}.DefaultBuild|Default.Build.0 = Debug|x86
		{103A11A1-ED08-402D-94CC-D7431B94F4DF}.DefaultBuild|Mixed Platforms.ActiveCfg = Debug|x86
		{103A11A1-ED08-402D-94CC-D7431B94F4DF}.DefaultBuild|Mixed Platforms.Build.0 = Debug|x86
		{103A11A1-ED08-402D-94CC-D7431B94F4DF}.DefaultBuild|x86.ActiveCfg = Debug|x86
		{103A11A1-ED08-402D-94CC-D7431B94F4DF}.DefaultBuild|x86.Build.0 = Debug|x86
		{103A11A1-ED08-402D-94CC-D7431B94F4DF}.Release|Any CPU.ActiveCfg = Release|x86
		{103A11A1-ED08-402D-94CC-D7431B94F4DF}.Release|Default.ActiveCfg = Release|x86
		{103A11A1-ED08-402D-94CC-D7431B94F4DF}.Release|Mixed Platforms.ActiveCfg = Release|x86
		{103A11A1-ED08-402D-94CC-D7431B94F4DF}.Release|Mixed Platforms.Build.0 = Release|x86
		{103A11A1-ED08-402D-94CC-D7431B94F4DF}.Release|x86.ActiveCfg = Release|x86
		{103A11A1-ED08-402D-94CC-D7431B94F4DF}.Release|x86.Build.0 = Release|x86
		{3A8E147D-63D4-40B3-B454-8E6C767FC36D}.All|Any CPU.ActiveCfg = Release|x86
		{3A8E147D-63D4-40B3-B454-8E6C767FC36D}.All|Any CPU.Build.0 = Release|x86
		{3A8E147D-63D4-40B3-B454-8E6C767FC36D}.All|Default.ActiveCfg = Debug|x86
		{3A8E147D-63D4-40B3-B454-8E6C767FC36D}.All|Default.Build.0 = Debug|x86
		{3A8E147D-63D4-40B3-B454-8E6C767FC36D}.All|Mixed Platforms.ActiveCfg = Debug|x86
		{3A8E147D-63D4-40B3-B454-8E6C767FC36D}.All|Mixed Platforms.Build.0 = Debug|x86
		{3A8E147D-63D4-40B3-B454-8E6C767FC36D}.All|x86.ActiveCfg = Debug|x86
		{3A8E147D-63D4-40B3-B454-8E6C767FC36D}.All|x86.Build.0 = Debug|x86
		{3A8E147D-63D4-40B3-B454-8E6C767FC36D}.Debug|Any CPU.ActiveCfg = Debug|x86
		{3A8E147D-63D4-40B3-B454-8E6C767FC36D}.Debug|Default.ActiveCfg = Debug|x86
		{3A8E147D-63D4-40B3-B454-8E6C767FC36D}.Debug|Mixed Platforms.ActiveCfg = Debug|x86
		{3A8E147D-63D4-40B3-B454-8E6C767FC36D}.Debug|Mixed Platforms.Build.0 = Debug|x86
		{3A8E147D-63D4-40B3-B454-8E6C767FC36D}.Debug|x86.ActiveCfg = Debug|x86
		{3A8E147D-63D4-40B3-B454-8E6C767FC36D}.Debug|x86.Build.0 = Debug|x86
		{3A8E147D-63D4-40B3-B454-8E6C767FC36D}.DefaultBuild|Any CPU.ActiveCfg = Debug|x86
		{3A8E147D-63D4-40B3-B454-8E6C767FC36D}.DefaultBuild|Any CPU.Build.0 = Debug|x86
		{3A8E147D-63D4-40B3-B454-8E6C767FC36D}.DefaultBuild|Default.ActiveCfg = Debug|x86
		{3A8E147D-63D4-40B3-B454-8E6C767FC36D}.DefaultBuild|Default.Build.0 = Debug|x86
		{3A8E147D-63D4-40B3-B454-8E6C767FC36D}.DefaultBuild|Mixed Platforms.ActiveCfg = Debug|x86
		{3A8E147D-63D4-40B3-B454-8E6C767FC36D}.DefaultBuild|Mixed Platforms.Build.0 = Debug|x86
		{3A8E147D-63D4-40B3-B454-8E6C767FC36D}.DefaultBuild|x86.ActiveCfg = Debug|x86
		{3A8E147D-63D4-40B3-B454-8E6C767FC36D}.DefaultBuild|x86.Build.0 = Debug|x86
		{3A8E147D-63D4-40B3-B454-8E6C767FC36D}.Release|Any CPU.ActiveCfg = Release|x86
		{3A8E147D-63D4-40B3-B454-8E6C767FC36D}.Release|Default.ActiveCfg = Release|x86
		{3A8E147D-63D4-40B3-B454-8E6C767FC36D}.Release|Mixed Platforms.ActiveCfg = Release|x86
		{3A8E147D-63D4-40B3-B454-8E6C767FC36D}.Release|Mixed Platforms.Build.0 = Release|x86
		{3A8E147D-63D4-40B3-B454-8E6C767FC36D}.Release|x86.ActiveCfg = Release|x86
		{3A8E147D-63D4-40B3-B454-8E6C767FC36D}.Release|x86.Build.0 = Release|x86
		{F1AFD2CB-5EDD-443B-8038-12F12312BA86}.All|Any CPU.ActiveCfg = Release|x86
		{F1AFD2CB-5EDD-443B-8038-12F12312BA86}.All|Any CPU.Build.0 = Release|x86
		{F1AFD2CB-5EDD-443B-8038-12F12312BA86}.All|Default.ActiveCfg = Debug|x86
		{F1AFD2CB-5EDD-443B-8038-12F12312BA86}.All|Default.Build.0 = Debug|x86
		{F1AFD2CB-5EDD-443B-8038-12F12312BA86}.All|Mixed Platforms.ActiveCfg = Debug|x86
		{F1AFD2CB-5EDD-443B-8038-12F12312BA86}.All|Mixed Platforms.Build.0 = Debug|x86
		{F1AFD2CB-5EDD-443B-8038-12F12312BA86}.All|x86.ActiveCfg = Debug|x86
		{F1AFD2CB-5EDD-443B-8038-12F12312BA86}.All|x86.Build.0 = Debug|x86
		{F1AFD2CB-5EDD-443B-8038-12F12312BA86}.Debug|Any CPU.ActiveCfg = Debug|x86
		{F1AFD2CB-5EDD-443B-8038-12F12312BA86}.Debug|Default.ActiveCfg = Debug|x86
		{F1AFD2CB-5EDD-443B-8038-12F12312BA86}.Debug|Mixed Platforms.ActiveCfg = Debug|x86
		{F1AFD2CB-5EDD-443B-8038-12F12312BA86}.Debug|Mixed Platforms.Build.0 = Debug|x86
		{F1AFD2CB-5EDD-443B-8038-12F12312BA86}.Debug|x86.ActiveCfg = Debug|x86
		{F1AFD2CB-5EDD-443B-8038-12F12312BA86}.Debug|x86.Build.0 = Debug|x86
		{F1AFD2CB-5EDD-443B-8038-12F12312BA86}.DefaultBuild|Any CPU.ActiveCfg = Debug|x86
		{F1AFD2CB-5EDD-443B-8038-12F12312BA86}.DefaultBuild|Any CPU.Build.0 = Debug|x86
		{F1AFD2CB-5EDD-443B-8038-12F12312BA86}.DefaultBuild|Default.ActiveCfg = Debug|x86
		{F1AFD2CB-5EDD-443B-8038-12F12312BA86}.DefaultBuild|Default.Build.0 = Debug|x86
		{F1AFD2CB-5EDD-443B-8038-12F12312BA86}.DefaultBuild|Mixed Platforms.ActiveCfg = Debug|x86
		{F1AFD2CB-5EDD-443B-8038-12F12312BA86}.DefaultBuild|Mixed Platforms.Build.0 = Debug|x86
		{F1AFD2CB-5EDD-443B-8038-12F12312BA86}.DefaultBuild|x86.ActiveCfg = Debug|x86
		{F1AFD2CB-5EDD-443B-8038-12F12312BA86}.DefaultBuild|x86.Build.0 = Debug|x86
		{F1AFD2CB-5EDD-443B-8038-12F12312BA86}.Release|Any CPU.ActiveCfg = Release|x86
		{F1AFD2CB-5EDD-443B-8038-12F12312BA86}.Release|Default.ActiveCfg = Release|x86
		{F1AFD2CB-5EDD-443B-8038-12F12312BA86}.Release|Mixed Platforms.ActiveCfg = Release|x86
		{F1AFD2CB-5EDD-443B-8038-12F12312BA86}.Release|Mixed Platforms.Build.0 = Release|x86
		{F1AFD2CB-5EDD-443B-8038-12F12312BA86}.Release|x86.ActiveCfg = Release|x86
		{F1AFD2CB-5EDD-443B-8038-12F12312BA86}.Release|x86.Build.0 = Release|x86
		{839A6015-E564-42BA-B897-4FBC6A9F5B50}.All|Any CPU.ActiveCfg = Release|x86
		{839A6015-E564-42BA-B897-4FBC6A9F5B50}.All|Any CPU.Build.0 = Release|x86
		{839A6015-E564-42BA-B897-4FBC6A9F5B50}.All|Default.ActiveCfg = Debug|x86
		{839A6015-E564-42BA-B897-4FBC6A9F5B50}.All|Default.Build.0 = Debug|x86
		{839A6015-E564-42BA-B897-4FBC6A9F5B50}.All|Mixed Platforms.ActiveCfg = Debug|x86
		{839A6015-E564-42BA-B897-4FBC6A9F5B50}.All|Mixed Platforms.Build.0 = Debug|x86
		{839A6015-E564-42BA-B897-4FBC6A9F5B50}.All|x86.ActiveCfg = Debug|x86
		{839A6015-E564-42BA-B897-4FBC6A9F5B50}.All|x86.Build.0 = Debug|x86
		{839A6015-E564-42BA-B897-4FBC6A9F5B50}.Debug|Any CPU.ActiveCfg = Debug|x86
		{839A6015-E564-42BA-B897-4FBC6A9F5B50}.Debug|Default.ActiveCfg = Debug|x86
		{839A6015-E564-42BA-B897-4FBC6A9F5B50}.Debug|Mixed Platforms.ActiveCfg = Debug|x86
		{839A6015-E564-42BA-B897-4FBC6A9F5B50}.Debug|Mixed Platforms.Build.0 = Debug|x86
		{839A6015-E564-42BA-B897-4FBC6A9F5B50}.Debug|x86.ActiveCfg = Debug|x86
		{839A6015-E564-42BA-B897-4FBC6A9F5B50}.Debug|x86.Build.0 = Debug|x86
		{839A6015-E564-42BA-B897-4FBC6A9F5B50}.DefaultBuild|Any CPU.ActiveCfg = Debug|x86
		{839A6015-E564-42BA-B897-4FBC6A9F5B50}.DefaultBuild|Any CPU.Build.0 = Debug|x86
		{839A6015-E564-42BA-B897-4FBC6A9F5B50}.DefaultBuild|Default.ActiveCfg = Debug|x86
		{839A6015-E564-42BA-B897-4FBC6A9F5B50}.DefaultBuild|Default.Build.0 = Debug|x86
		{839A6015-E564-42BA-B897-4FBC6A9F5B50}.DefaultBuild|Mixed Platforms.ActiveCfg = Debug|x86
		{839A6015-E564-42BA-B897-4FBC6A9F5B50}.DefaultBuild|Mixed Platforms.Build.0 = Debug|x86
		{839A6015-E564-42BA-B897-4FBC6A9F5B50}.DefaultBuild|x86.ActiveCfg = Debug|x86
		{839A6015-E564-42BA-B897-4FBC6A9F5B50}.DefaultBuild|x86.Build.0 = Debug|x86
		{839A6015-E564-42BA-B897-4FBC6A9F5B50}.Release|Any CPU.ActiveCfg = Release|x86
		{839A6015-E564-42BA-B897-4FBC6A9F5B50}.Release|Default.ActiveCfg = Release|x86
		{839A6015-E564-42BA-B897-4FBC6A9F5B50}.Release|Mixed Platforms.ActiveCfg = Release|x86
		{839A6015-E564-42BA-B897-4FBC6A9F5B50}.Release|Mixed Platforms.Build.0 = Release|x86
		{839A6015-E564-42BA-B897-4FBC6A9F5B50}.Release|x86.ActiveCfg = Release|x86
		{839A6015-E564-42BA-B897-4FBC6A9F5B50}.Release|x86.Build.0 = Release|x86
	EndGlobalSection
	GlobalSection(SolutionProperties) = preSolution
		HideSolutionNode = FALSE
	EndGlobalSection
	GlobalSection(ExtensibilityGlobals) = postSolution
		SolutionGuid = {0DE89DF9-0E2E-4199-9398-574A7E10D58B}
	EndGlobalSection
	GlobalSection(SolutionConfigurationPlatforms) = preSolution
		All|Any CPU = All|Any CPU
		All|Default = All|Default
		All|Mixed Platforms = All|Mixed Platforms
		All|x86 = All|x86
		Debug|Any CPU = Debug|Any CPU
		Debug|Default = Debug|Default
		Debug|Mixed Platforms = Debug|Mixed Platforms
		Debug|x86 = Debug|x86
		DefaultBuild|Any CPU = DefaultBuild|Any CPU
		DefaultBuild|Default = DefaultBuild|Default
		DefaultBuild|Mixed Platforms = DefaultBuild|Mixed Platforms
		DefaultBuild|x86 = DefaultBuild|x86
		Release|Any CPU = Release|Any CPU
		Release|Default = Release|Default
		Release|Mixed Platforms = Release|Mixed Platforms
		Release|x86 = Release|x86
	EndGlobalSection
	GlobalSection(SolutionConfigurationPlatforms) = preSolution
		All|Any CPU = All|Any CPU
		All|Default = All|Default
		All|Mixed Platforms = All|Mixed Platforms
		All|x86 = All|x86
		Debug|Any CPU = Debug|Any CPU
		Debug|Default = Debug|Default
		Debug|Mixed Platforms = Debug|Mixed Platforms
		Debug|x86 = Debug|x86
		DefaultBuild|Any CPU = DefaultBuild|Any CPU
		DefaultBuild|Default = DefaultBuild|Default
		DefaultBuild|Mixed Platforms = DefaultBuild|Mixed Platforms
		DefaultBuild|x86 = DefaultBuild|x86
	EndGlobalSection
	GlobalSection(SolutionConfigurationPlatforms) = preSolution
		All|Any CPU = All|Any CPU
		All|Default = All|Default
		All|Mixed Platforms = All|Mixed Platforms
		All|x86 = All|x86
		Debug|Any CPU = Debug|Any CPU
		Debug|Default = Debug|Default
		Debug|Mixed Platforms = Debug|Mixed Platforms
		Debug|x86 = Debug|x86
	EndGlobalSection
	GlobalSection(SolutionConfigurationPlatforms) = preSolution
		All|Any CPU = All|Any CPU
		All|Default = All|Default
		All|Mixed Platforms = All|Mixed Platforms
		Debug|Any CPU = Debug|Any CPU
		Debug|Default = Debug|Default
		Debug|Mixed Platforms = Debug|Mixed Platforms
	EndGlobalSection
	GlobalSection(SolutionConfigurationPlatforms) = preSolution
		All|Any CPU = All|Any CPU
		All|Default = All|Default
		All|Mixed Platforms = All|Mixed Platforms
		All|x86 = All|x86
		Debug|Any CPU = Debug|Any CPU
		Debug|Default = Debug|Default
		Debug|Mixed Platforms = Debug|Mixed Platforms
		Debug|x86 = Debug|x86
		DefaultBuild|Any CPU = DefaultBuild|Any CPU
		DefaultBuild|Default = DefaultBuild|Default
		DefaultBuild|Mixed Platforms = DefaultBuild|Mixed Platforms
		DefaultBuild|x86 = DefaultBuild|x86
		Release|Any CPU = Release|Any CPU
		Release|Default = Release|Default
		Release|Mixed Platforms = Release|Mixed Platforms
		Release|x86 = Release|x86
	EndGlobalSection
	GlobalSection(SolutionConfigurationPlatforms) = preSolution
		Debug|Any CPU = Debug|Any CPU
		Debug|Default = Debug|Default
		Debug|Mixed Platforms = Debug|Mixed Platforms
		Debug|x86 = Debug|x86
		Release|Any CPU = Release|Any CPU
		Release|Default = Release|Default
		Release|Mixed Platforms = Release|Mixed Platforms
		Release|x86 = Release|x86
	EndGlobalSection
EndGlobal
